// !$*UTF8*$!
{
	archiveVersion = 1;
	classes = {
	};
	objectVersion = 46;
	objects = {

/* Begin PBXBuildFile section */
		297AE1EC1C5509DB0001B672 /* main.m in Sources */ = {isa = PBXBuildFile; fileRef = 297AE1EB1C5509DB0001B672 /* main.m */; };
		297AE1EF1C5509DB0001B672 /* AppDelegate.m in Sources */ = {isa = PBXBuildFile; fileRef = 297AE1EE1C5509DB0001B672 /* AppDelegate.m */; };
		297AE1F21C5509DB0001B672 /* ViewController.m in Sources */ = {isa = PBXBuildFile; fileRef = 297AE1F11C5509DB0001B672 /* ViewController.m */; };
		297AE1F51C5509DB0001B672 /* Main.storyboard in Resources */ = {isa = PBXBuildFile; fileRef = 297AE1F31C5509DB0001B672 /* Main.storyboard */; };
		297AE1F71C5509DB0001B672 /* Assets.xcassets in Resources */ = {isa = PBXBuildFile; fileRef = 297AE1F61C5509DB0001B672 /* Assets.xcassets */; };
		297AE1FA1C5509DB0001B672 /* LaunchScreen.storyboard in Resources */ = {isa = PBXBuildFile; fileRef = 297AE1F81C5509DB0001B672 /* LaunchScreen.storyboard */; };
		297AE2051C5509DB0001B672 /* ADBannerScrollTests.m in Sources */ = {isa = PBXBuildFile; fileRef = 297AE2041C5509DB0001B672 /* ADBannerScrollTests.m */; };
		297AE2121C550AA50001B672 /* ADBannerAutoPlayView.m in Sources */ = {isa = PBXBuildFile; fileRef = 297AE2111C550AA50001B672 /* ADBannerAutoPlayView.m */; };
		9A3839E23E013B610BEE99AC /* libPods.a in Frameworks */ = {isa = PBXBuildFile; fileRef = F83A1FD24CDFEAC38C9C1FB9 /* libPods.a */; };
		AFC7F3451C55B4400063EE3A /* bannerViewCell.m in Sources */ = {isa = PBXBuildFile; fileRef = AFC7F3431C55B4400063EE3A /* bannerViewCell.m */; };
		AFC7F3491C55C3610063EE3A /* bannerTimerTool.m in Sources */ = {isa = PBXBuildFile; fileRef = AFC7F3481C55C3610063EE3A /* bannerTimerTool.m */; };
		AFC7F3501C55F8960063EE3A /* 1.jpg in Resources */ = {isa = PBXBuildFile; fileRef = AFC7F34E1C55F8960063EE3A /* 1.jpg */; };
		AFC7F3511C55F8960063EE3A /* 2.jpg in Resources */ = {isa = PBXBuildFile; fileRef = AFC7F34F1C55F8960063EE3A /* 2.jpg */; };
		AFC7F3531C55FB5D0063EE3A /* 3.jpg in Resources */ = {isa = PBXBuildFile; fileRef = AFC7F3521C55FB5D0063EE3A /* 3.jpg */; };
		AFC7F3551C560E910063EE3A /* 4.jpg in Resources */ = {isa = PBXBuildFile; fileRef = AFC7F3541C560E910063EE3A /* 4.jpg */; };
/* End PBXBuildFile section */

/* Begin PBXContainerItemProxy section */
		297AE2011C5509DB0001B672 /* PBXContainerItemProxy */ = {
			isa = PBXContainerItemProxy;
			containerPortal = 297AE1DF1C5509DB0001B672 /* Project object */;
			proxyType = 1;
			remoteGlobalIDString = 297AE1E61C5509DB0001B672;
			remoteInfo = ADBannerScroll;
		};
/* End PBXContainerItemProxy section */

/* Begin PBXFileReference section */
		0811938CE8C03E56A5B26571 /* Pods.release.xcconfig */ = {isa = PBXFileReference; includeInIndex = 1; lastKnownFileType = text.xcconfig; name = Pods.release.xcconfig; path = "Pods/Target Support Files/Pods/Pods.release.xcconfig"; sourceTree = "<group>"; };
		297AE1E71C5509DB0001B672 /* ADBannerScroll.app */ = {isa = PBXFileReference; explicitFileType = wrapper.application; includeInIndex = 0; path = ADBannerScroll.app; sourceTree = BUILT_PRODUCTS_DIR; };
		297AE1EB1C5509DB0001B672 /* main.m */ = {isa = PBXFileReference; lastKnownFileType = sourcecode.c.objc; path = main.m; sourceTree = "<group>"; };
		297AE1ED1C5509DB0001B672 /* AppDelegate.h */ = {isa = PBXFileReference; lastKnownFileType = sourcecode.c.h; path = AppDelegate.h; sourceTree = "<group>"; };
		297AE1EE1C5509DB0001B672 /* AppDelegate.m */ = {isa = PBXFileReference; lastKnownFileType = sourcecode.c.objc; path = AppDelegate.m; sourceTree = "<group>"; };
		297AE1F01C5509DB0001B672 /* ViewController.h */ = {isa = PBXFileReference; lastKnownFileType = sourcecode.c.h; path = ViewController.h; sourceTree = "<group>"; };
		297AE1F11C5509DB0001B672 /* ViewController.m */ = {isa = PBXFileReference; lastKnownFileType = sourcecode.c.objc; path = ViewController.m; sourceTree = "<group>"; };
		297AE1F41C5509DB0001B672 /* Base */ = {isa = PBXFileReference; lastKnownFileType = file.storyboard; name = Base; path = Base.lproj/Main.storyboard; sourceTree = "<group>"; };
		297AE1F61C5509DB0001B672 /* Assets.xcassets */ = {isa = PBXFileReference; lastKnownFileType = folder.assetcatalog; path = Assets.xcassets; sourceTree = "<group>"; };
		297AE1F91C5509DB0001B672 /* Base */ = {isa = PBXFileReference; lastKnownFileType = file.storyboard; name = Base; path = Base.lproj/LaunchScreen.storyboard; sourceTree = "<group>"; };
		297AE1FB1C5509DB0001B672 /* Info.plist */ = {isa = PBXFileReference; lastKnownFileType = text.plist.xml; path = Info.plist; sourceTree = "<group>"; };
		297AE2001C5509DB0001B672 /* ADBannerScrollTests.xctest */ = {isa = PBXFileReference; explicitFileType = wrapper.cfbundle; includeInIndex = 0; path = ADBannerScrollTests.xctest; sourceTree = BUILT_PRODUCTS_DIR; };
		297AE2041C5509DB0001B672 /* ADBannerScrollTests.m */ = {isa = PBXFileReference; lastKnownFileType = sourcecode.c.objc; path = ADBannerScrollTests.m; sourceTree = "<group>"; };
		297AE2061C5509DB0001B672 /* Info.plist */ = {isa = PBXFileReference; lastKnownFileType = text.plist.xml; path = Info.plist; sourceTree = "<group>"; };
		297AE2101C550AA50001B672 /* ADBannerAutoPlayView.h */ = {isa = PBXFileReference; fileEncoding = 4; lastKnownFileType = sourcecode.c.h; path = ADBannerAutoPlayView.h; sourceTree = "<group>"; };
		297AE2111C550AA50001B672 /* ADBannerAutoPlayView.m */ = {isa = PBXFileReference; fileEncoding = 4; lastKnownFileType = sourcecode.c.objc; path = ADBannerAutoPlayView.m; sourceTree = "<group>"; };
		528FEBF30D685D58E591FDB2 /* Pods.debug.xcconfig */ = {isa = PBXFileReference; includeInIndex = 1; lastKnownFileType = text.xcconfig; name = Pods.debug.xcconfig; path = "Pods/Target Support Files/Pods/Pods.debug.xcconfig"; sourceTree = "<group>"; };
		AFC7F3421C55B4400063EE3A /* bannerViewCell.h */ = {isa = PBXFileReference; fileEncoding = 4; lastKnownFileType = sourcecode.c.h; path = bannerViewCell.h; sourceTree = "<group>"; };
		AFC7F3431C55B4400063EE3A /* bannerViewCell.m */ = {isa = PBXFileReference; fileEncoding = 4; lastKnownFileType = sourcecode.c.objc; path = bannerViewCell.m; sourceTree = "<group>"; };
		AFC7F3471C55C3610063EE3A /* bannerTimerTool.h */ = {isa = PBXFileReference; fileEncoding = 4; lastKnownFileType = sourcecode.c.h; path = bannerTimerTool.h; sourceTree = "<group>"; };
		AFC7F3481C55C3610063EE3A /* bannerTimerTool.m */ = {isa = PBXFileReference; fileEncoding = 4; lastKnownFileType = sourcecode.c.objc; path = bannerTimerTool.m; sourceTree = "<group>"; };
		AFC7F34E1C55F8960063EE3A /* 1.jpg */ = {isa = PBXFileReference; lastKnownFileType = image.jpeg; path = 1.jpg; sourceTree = "<group>"; };
		AFC7F34F1C55F8960063EE3A /* 2.jpg */ = {isa = PBXFileReference; lastKnownFileType = image.jpeg; path = 2.jpg; sourceTree = "<group>"; };
		AFC7F3521C55FB5D0063EE3A /* 3.jpg */ = {isa = PBXFileReference; lastKnownFileType = image.jpeg; path = 3.jpg; sourceTree = "<group>"; };
		AFC7F3541C560E910063EE3A /* 4.jpg */ = {isa = PBXFileReference; lastKnownFileType = image.jpeg; path = 4.jpg; sourceTree = "<group>"; };
		F83A1FD24CDFEAC38C9C1FB9 /* libPods.a */ = {isa = PBXFileReference; explicitFileType = archive.ar; includeInIndex = 0; path = libPods.a; sourceTree = BUILT_PRODUCTS_DIR; };
/* End PBXFileReference section */

/* Begin PBXFrameworksBuildPhase section */
		297AE1E41C5509DB0001B672 /* Frameworks */ = {
			isa = PBXFrameworksBuildPhase;
			buildActionMask = 2147483647;
			files = (
				9A3839E23E013B610BEE99AC /* libPods.a in Frameworks */,
			);
			runOnlyForDeploymentPostprocessing = 0;
		};
		297AE1FD1C5509DB0001B672 /* Frameworks */ = {
			isa = PBXFrameworksBuildPhase;
			buildActionMask = 2147483647;
			files = (
			);
			runOnlyForDeploymentPostprocessing = 0;
		};
/* End PBXFrameworksBuildPhase section */

/* Begin PBXGroup section */
		297AE1DE1C5509DB0001B672 = {
			isa = PBXGroup;
			children = (
				297AE1E91C5509DB0001B672 /* ADBannerScroll */,
				297AE2031C5509DB0001B672 /* ADBannerScrollTests */,
				297AE1E81C5509DB0001B672 /* Products */,
				781E0E4B22CE237F03335AF8 /* Pods */,
				B8527A7830977F87F938DD4F /* Frameworks */,
			);
			sourceTree = "<group>";
		};
		297AE1E81C5509DB0001B672 /* Products */ = {
			isa = PBXGroup;
			children = (
				297AE1E71C5509DB0001B672 /* ADBannerScroll.app */,
				297AE2001C5509DB0001B672 /* ADBannerScrollTests.xctest */,
			);
			name = Products;
			sourceTree = "<group>";
		};
		297AE1E91C5509DB0001B672 /* ADBannerScroll */ = {
			isa = PBXGroup;
			children = (
				297AE20F1C550A310001B672 /* ADBannerScroll */,
				297AE1ED1C5509DB0001B672 /* AppDelegate.h */,
				297AE1EE1C5509DB0001B672 /* AppDelegate.m */,
				AFC7F3521C55FB5D0063EE3A /* 3.jpg */,
				AFC7F34E1C55F8960063EE3A /* 1.jpg */,
				AFC7F3541C560E910063EE3A /* 4.jpg */,
				AFC7F34F1C55F8960063EE3A /* 2.jpg */,
				297AE1F01C5509DB0001B672 /* ViewController.h */,
				297AE1F11C5509DB0001B672 /* ViewController.m */,
				297AE1F31C5509DB0001B672 /* Main.storyboard */,
				297AE1F61C5509DB0001B672 /* Assets.xcassets */,
				297AE1F81C5509DB0001B672 /* LaunchScreen.storyboard */,
				297AE1FB1C5509DB0001B672 /* Info.plist */,
				297AE1EA1C5509DB0001B672 /* Supporting Files */,
			);
			path = ADBannerScroll;
			sourceTree = "<group>";
		};
		297AE1EA1C5509DB0001B672 /* Supporting Files */ = {
			isa = PBXGroup;
			children = (
				297AE1EB1C5509DB0001B672 /* main.m */,
			);
			name = "Supporting Files";
			sourceTree = "<group>";
		};
		297AE2031C5509DB0001B672 /* ADBannerScrollTests */ = {
			isa = PBXGroup;
			children = (
				297AE2041C5509DB0001B672 /* ADBannerScrollTests.m */,
				297AE2061C5509DB0001B672 /* Info.plist */,
			);
			path = ADBannerScrollTests;
			sourceTree = "<group>";
		};
		297AE20F1C550A310001B672 /* ADBannerScroll */ = {
			isa = PBXGroup;
			children = (
				297AE2101C550AA50001B672 /* ADBannerAutoPlayView.h */,
				297AE2111C550AA50001B672 /* ADBannerAutoPlayView.m */,
				AFC7F3421C55B4400063EE3A /* bannerViewCell.h */,
				AFC7F3431C55B4400063EE3A /* bannerViewCell.m */,
				AFC7F3471C55C3610063EE3A /* bannerTimerTool.h */,
				AFC7F3481C55C3610063EE3A /* bannerTimerTool.m */,
			);
			path = ADBannerScroll;
			sourceTree = "<group>";
		};
		781E0E4B22CE237F03335AF8 /* Pods */ = {
			isa = PBXGroup;
			children = (
				528FEBF30D685D58E591FDB2 /* Pods.debug.xcconfig */,
				0811938CE8C03E56A5B26571 /* Pods.release.xcconfig */,
			);
			name = Pods;
			sourceTree = "<group>";
		};
		B8527A7830977F87F938DD4F /* Frameworks */ = {
			isa = PBXGroup;
			children = (
				F83A1FD24CDFEAC38C9C1FB9 /* libPods.a */,
			);
			name = Frameworks;
			sourceTree = "<group>";
		};
/* End PBXGroup section */

/* Begin PBXNativeTarget section */
		297AE1E61C5509DB0001B672 /* ADBannerScroll */ = {
			isa = PBXNativeTarget;
			buildConfigurationList = 297AE2091C5509DB0001B672 /* Build configuration list for PBXNativeTarget "ADBannerScroll" */;
			buildPhases = (
				5A9005FEECB09C36A11950A4 /* Check Pods Manifest.lock */,
				297AE1E31C5509DB0001B672 /* Sources */,
				297AE1E41C5509DB0001B672 /* Frameworks */,
				297AE1E51C5509DB0001B672 /* Resources */,
				17982961E91719407D1DAE5C /* Embed Pods Frameworks */,
				D8EF29CBE06B80B199ADD538 /* Copy Pods Resources */,
			);
			buildRules = (
			);
			dependencies = (
			);
			name = ADBannerScroll;
			productName = ADBannerScroll;
			productReference = 297AE1E71C5509DB0001B672 /* ADBannerScroll.app */;
			productType = "com.apple.product-type.application";
		};
		297AE1FF1C5509DB0001B672 /* ADBannerScrollTests */ = {
			isa = PBXNativeTarget;
			buildConfigurationList = 297AE20C1C5509DB0001B672 /* Build configuration list for PBXNativeTarget "ADBannerScrollTests" */;
			buildPhases = (
				297AE1FC1C5509DB0001B672 /* Sources */,
				297AE1FD1C5509DB0001B672 /* Frameworks */,
				297AE1FE1C5509DB0001B672 /* Resources */,
			);
			buildRules = (
			);
			dependencies = (
				297AE2021C5509DB0001B672 /* PBXTargetDependency */,
			);
			name = ADBannerScrollTests;
			productName = ADBannerScrollTests;
			productReference = 297AE2001C5509DB0001B672 /* ADBannerScrollTests.xctest */;
			productType = "com.apple.product-type.bundle.unit-test";
		};
/* End PBXNativeTarget section */

/* Begin PBXProject section */
		297AE1DF1C5509DB0001B672 /* Project object */ = {
			isa = PBXProject;
			attributes = {
				LastUpgradeCheck = 0720;
				ORGANIZATIONNAME = jsonmess;
				TargetAttributes = {
					297AE1E61C5509DB0001B672 = {
						CreatedOnToolsVersion = 7.2;
					};
					297AE1FF1C5509DB0001B672 = {
						CreatedOnToolsVersion = 7.2;
						TestTargetID = 297AE1E61C5509DB0001B672;
					};
				};
			};
			buildConfigurationList = 297AE1E21C5509DB0001B672 /* Build configuration list for PBXProject "ADBannerScroll" */;
			compatibilityVersion = "Xcode 3.2";
			developmentRegion = English;
			hasScannedForEncodings = 0;
			knownRegions = (
				en,
				Base,
			);
			mainGroup = 297AE1DE1C5509DB0001B672;
			productRefGroup = 297AE1E81C5509DB0001B672 /* Products */;
			projectDirPath = "";
			projectRoot = "";
			targets = (
				297AE1E61C5509DB0001B672 /* ADBannerScroll */,
				297AE1FF1C5509DB0001B672 /* ADBannerScrollTests */,
			);
		};
/* End PBXProject section */

/* Begin PBXResourcesBuildPhase section */
		297AE1E51C5509DB0001B672 /* Resources */ = {
			isa = PBXResourcesBuildPhase;
			buildActionMask = 2147483647;
			files = (
				297AE1FA1C5509DB0001B672 /* LaunchScreen.storyboard in Resources */,
				AFC7F3551C560E910063EE3A /* 4.jpg in Resources */,
				AFC7F3501C55F8960063EE3A /* 1.jpg in Resources */,
				AFC7F3511C55F8960063EE3A /* 2.jpg in Resources */,
				AFC7F3531C55FB5D0063EE3A /* 3.jpg in Resources */,
				297AE1F71C5509DB0001B672 /* Assets.xcassets in Resources */,
				297AE1F51C5509DB0001B672 /* Main.storyboard in Resources */,
			);
			runOnlyForDeploymentPostprocessing = 0;
		};
		297AE1FE1C5509DB0001B672 /* Resources */ = {
			isa = PBXResourcesBuildPhase;
			buildActionMask = 2147483647;
			files = (
			);
			runOnlyForDeploymentPostprocessing = 0;
		};
/* End PBXResourcesBuildPhase section */

/* Begin PBXShellScriptBuildPhase section */
		17982961E91719407D1DAE5C /* Embed Pods Frameworks */ = {
			isa = PBXShellScriptBuildPhase;
			buildActionMask = 2147483647;
			files = (
			);
			inputPaths = (
			);
			name = "Embed Pods Frameworks";
			outputPaths = (
			);
			runOnlyForDeploymentPostprocessing = 0;
			shellPath = /bin/sh;
			shellScript = "\"${SRCROOT}/Pods/Target Support Files/Pods/Pods-frameworks.sh\"\n";
			showEnvVarsInLog = 0;
		};
		5A9005FEECB09C36A11950A4 /* Check Pods Manifest.lock */ = {
			isa = PBXShellScriptBuildPhase;
			buildActionMask = 2147483647;
			files = (
			);
			inputPaths = (
			);
			name = "Check Pods Manifest.lock";
			outputPaths = (
			);
			runOnlyForDeploymentPostprocessing = 0;
			shellPath = /bin/sh;
			shellScript = "diff \"${PODS_ROOT}/../Podfile.lock\" \"${PODS_ROOT}/Manifest.lock\" > /dev/null\nif [[ $? != 0 ]] ; then\n    cat << EOM\nerror: The sandbox is not in sync with the Podfile.lock. Run 'pod install' or update your CocoaPods installation.\nEOM\n    exit 1\nfi\n";
			showEnvVarsInLog = 0;
		};
		D8EF29CBE06B80B199ADD538 /* Copy Pods Resources */ = {
			isa = PBXShellScriptBuildPhase;
			buildActionMask = 2147483647;
			files = (
			);
			inputPaths = (
			);
			name = "Copy Pods Resources";
			outputPaths = (
			);
			runOnlyForDeploymentPostprocessing = 0;
			shellPath = /bin/sh;
			shellScript = "\"${SRCROOT}/Pods/Target Support Files/Pods/Pods-resources.sh\"\n";
			showEnvVarsInLog = 0;
		};
/* End PBXShellScriptBuildPhase section */

/* Begin PBXSourcesBuildPhase section */
		297AE1E31C5509DB0001B672 /* Sources */ = {
			isa = PBXSourcesBuildPhase;
			buildActionMask = 2147483647;
			files = (
				AFC7F3451C55B4400063EE3A /* bannerViewCell.m in Sources */,
				297AE1F21C5509DB0001B672 /* ViewController.m in Sources */,
				297AE1EF1C5509DB0001B672 /* AppDelegate.m in Sources */,
				297AE2121C550AA50001B672 /* ADBannerAutoPlayView.m in Sources */,
				297AE1EC1C5509DB0001B672 /* main.m in Sources */,
				AFC7F3491C55C3610063EE3A /* bannerTimerTool.m in Sources */,
			);
			runOnlyForDeploymentPostprocessing = 0;
		};
		297AE1FC1C5509DB0001B672 /* Sources */ = {
			isa = PBXSourcesBuildPhase;
			buildActionMask = 2147483647;
			files = (
				297AE2051C5509DB0001B672 /* ADBannerScrollTests.m in Sources */,
			);
			runOnlyForDeploymentPostprocessing = 0;
		};
/* End PBXSourcesBuildPhase section */

/* Begin PBXTargetDependency section */
		297AE2021C5509DB0001B672 /* PBXTargetDependency */ = {
			isa = PBXTargetDependency;
			target = 297AE1E61C5509DB0001B672 /* ADBannerScroll */;
			targetProxy = 297AE2011C5509DB0001B672 /* PBXContainerItemProxy */;
		};
/* End PBXTargetDependency section */

/* Begin PBXVariantGroup section */
		297AE1F31C5509DB0001B672 /* Main.storyboard */ = {
			isa = PBXVariantGroup;
			children = (
				297AE1F41C5509DB0001B672 /* Base */,
			);
			name = Main.storyboard;
			sourceTree = "<group>";
		};
		297AE1F81C5509DB0001B672 /* LaunchScreen.storyboard */ = {
			isa = PBXVariantGroup;
			children = (
				297AE1F91C5509DB0001B672 /* Base */,
			);
			name = LaunchScreen.storyboard;
			sourceTree = "<group>";
		};
/* End PBXVariantGroup section */

/* Begin XCBuildConfiguration section */
		297AE2071C5509DB0001B672 /* Debug */ = {
			isa = XCBuildConfiguration;
			buildSettings = {
				ALWAYS_SEARCH_USER_PATHS = NO;
				CLANG_CXX_LANGUAGE_STANDARD = "gnu++0x";
				CLANG_CXX_LIBRARY = "libc++";
				CLANG_ENABLE_MODULES = YES;
				CLANG_ENABLE_OBJC_ARC = YES;
				CLANG_WARN_BOOL_CONVERSION = YES;
				CLANG_WARN_CONSTANT_CONVERSION = YES;
				CLANG_WARN_DIRECT_OBJC_ISA_USAGE = YES_ERROR;
				CLANG_WARN_EMPTY_BODY = YES;
				CLANG_WARN_ENUM_CONVERSION = YES;
				CLANG_WARN_INT_CONVERSION = YES;
				CLANG_WARN_OBJC_ROOT_CLASS = YES_ERROR;
				CLANG_WARN_UNREACHABLE_CODE = YES;
				CLANG_WARN__DUPLICATE_METHOD_MATCH = YES;
				"CODE_SIGN_IDENTITY[sdk=iphoneos*]" = "iPhone Developer";
				COPY_PHASE_STRIP = NO;
				DEBUG_INFORMATION_FORMAT = dwarf;
				ENABLE_STRICT_OBJC_MSGSEND = YES;
				ENABLE_TESTABILITY = YES;
				GCC_C_LANGUAGE_STANDARD = gnu99;
				GCC_DYNAMIC_NO_PIC = NO;
				GCC_NO_COMMON_BLOCKS = YES;
				GCC_OPTIMIZATION_LEVEL = 0;
				GCC_PREPROCESSOR_DEFINITIONS = (
					"DEBUG=1",
					"$(inherited)",
				);
				GCC_WARN_64_TO_32_BIT_CONVERSION = YES;
				GCC_WARN_ABOUT_RETURN_TYPE = YES_ERROR;
				GCC_WARN_UNDECLARED_SELECTOR = YES;
				GCC_WARN_UNINITIALIZED_AUTOS = YES_AGGRESSIVE;
				GCC_WARN_UNUSED_FUNCTION = YES;
				GCC_WARN_UNUSED_VARIABLE = YES;
				IPHONEOS_DEPLOYMENT_TARGET = 9.2;
				MTL_ENABLE_DEBUG_INFO = YES;
				ONLY_ACTIVE_ARCH = YES;
				SDKROOT = iphoneos;
			};
			name = Debug;
		};
		297AE2081C5509DB0001B672 /* Release */ = {
			isa = XCBuildConfiguration;
			buildSettings = {
				ALWAYS_SEARCH_USER_PATHS = NO;
				CLANG_CXX_LANGUAGE_STANDARD = "gnu++0x";
				CLANG_CXX_LIBRARY = "libc++";
				CLANG_ENABLE_MODULES = YES;
				CLANG_ENABLE_OBJC_ARC = YES;
				CLANG_WARN_BOOL_CONVERSION = YES;
				CLANG_WARN_CONSTANT_CONVERSION = YES;
				CLANG_WARN_DIRECT_OBJC_ISA_USAGE = YES_ERROR;
				CLANG_WARN_EMPTY_BODY = YES;
				CLANG_WARN_ENUM_CONVERSION = YES;
				CLANG_WARN_INT_CONVERSION = YES;
				CLANG_WARN_OBJC_ROOT_CLASS = YES_ERROR;
				CLANG_WARN_UNREACHABLE_CODE = YES;
				CLANG_WARN__DUPLICATE_METHOD_MATCH = YES;
				"CODE_SIGN_IDENTITY[sdk=iphoneos*]" = "iPhone Developer";
				COPY_PHASE_STRIP = NO;
				DEBUG_INFORMATION_FORMAT = "dwarf-with-dsym";
				ENABLE_NS_ASSERTIONS = NO;
				ENABLE_STRICT_OBJC_MSGSEND = YES;
				GCC_C_LANGUAGE_STANDARD = gnu99;
				GCC_NO_COMMON_BLOCKS = YES;
				GCC_WARN_64_TO_32_BIT_CONVERSION = YES;
				GCC_WARN_ABOUT_RETURN_TYPE = YES_ERROR;
				GCC_WARN_UNDECLARED_SELECTOR = YES;
				GCC_WARN_UNINITIALIZED_AUTOS = YES_AGGRESSIVE;
				GCC_WARN_UNUSED_FUNCTION = YES;
				GCC_WARN_UNUSED_VARIABLE = YES;
				IPHONEOS_DEPLOYMENT_TARGET = 9.2;
				MTL_ENABLE_DEBUG_INFO = NO;
				SDKROOT = iphoneos;
				VALIDATE_PRODUCT = YES;
			};
			name = Release;
		};
		297AE20A1C5509DB0001B672 /* Debug */ = {
			isa = XCBuildConfiguration;
			baseConfigurationReference = 528FEBF30D685D58E591FDB2 /* Pods.debug.xcconfig */;
			buildSettings = {
				ASSETCATALOG_COMPILER_APPICON_NAME = AppIcon;
				INFOPLIST_FILE = ADBannerScroll/Info.plist;
				IPHONEOS_DEPLOYMENT_TARGET = 7.0;
				LD_RUNPATH_SEARCH_PATHS = "$(inherited) @executable_path/Frameworks";
				PRODUCT_BUNDLE_IDENTIFIER = com.jsonmess.ADBannerScroll;
				PRODUCT_NAME = "$(TARGET_NAME)";
			};
			name = Debug;
		};
		297AE20B1C5509DB0001B672 /* Release */ = {
			isa = XCBuildConfiguration;
			baseConfigurationReference = 0811938CE8C03E56A5B26571 /* Pods.release.xcconfig */;
			buildSettings = {
				ASSETCATALOG_COMPILER_APPICON_NAME = AppIcon;
				INFOPLIST_FILE = ADBannerScroll/Info.plist;
				IPHONEOS_DEPLOYMENT_TARGET = 7.0;
				LD_RUNPATH_SEARCH_PATHS = "$(inherited) @executable_path/Frameworks";
				PRODUCT_BUNDLE_IDENTIFIER = com.jsonmess.ADBannerScroll;
				PRODUCT_NAME = "$(TARGET_NAME)";
			};
			name = Release;
		};
		297AE20D1C5509DB0001B672 /* Debug */ = {
			isa = XCBuildConfiguration;
			buildSettings = {
				BUNDLE_LOADER = "$(TEST_HOST)";
				INFOPLIST_FILE = ADBannerScrollTests/Info.plist;
				LD_RUNPATH_SEARCH_PATHS = "$(inherited) @executable_path/Frameworks @loader_path/Frameworks";
				PRODUCT_BUNDLE_IDENTIFIER = com.jsonmess.ADBannerScrollTests;
				PRODUCT_NAME = "$(TARGET_NAME)";
				TEST_HOST = "$(BUILT_PRODUCTS_DIR)/ADBannerScroll.app/ADBannerScroll";
			};
			name = Debug;
		};
		297AE20E1C5509DB0001B672 /* Release */ = {
			isa = XCBuildConfiguration;
			buildSettings = {
				BUNDLE_LOADER = "$(TEST_HOST)";
				INFOPLIST_FILE = ADBannerScrollTests/Info.plist;
				LD_RUNPATH_SEARCH_PATHS = "$(inherited) @executable_path/Frameworks @loader_path/Frameworks";
				PRODUCT_BUNDLE_IDENTIFIER = com.jsonmess.ADBannerScrollTests;
				PRODUCT_NAME = "$(TARGET_NAME)";
				TEST_HOST = "$(BUILT_PRODUCTS_DIR)/ADBannerScroll.app/ADBannerScroll";
			};
			name = Release;
		};
/* End XCBuildConfiguration section */

/* Begin XCConfigurationList section */
		297AE1E21C5509DB0001B672 /* Build configuration list for PBXProject "ADBannerScroll" */ = {
			isa = XCConfigurationList;
			buildConfigurations = (
				297AE2071C5509DB0001B672 /* Debug */,
				297AE2081C5509DB0001B672 /* Release */,
			);
			defaultConfigurationIsVisible = 0;
			defaultConfigurationName = Release;
		};
		297AE2091C5509DB0001B672 /* Build configuration list for PBXNativeTarget "ADBannerScroll" */ = {
			isa = XCConfigurationList;
			buildConfigurations = (
				297AE20A1C5509DB0001B672 /* Debug */,
				297AE20B1C5509DB0001B672 /* Release */,
			);
			defaultConfigurationIsVisible = 0;
			defaultConfigurationName = Release;
		};
		297AE20C1C5509DB0001B672 /* Build configuration list for PBXNativeTarget "ADBannerScrollTests" */ = {
			isa = XCConfigurationList;
			buildConfigurations = (
				297AE20D1C5509DB0001B672 /* Debug */,
				297AE20E1C5509DB0001B672 /* Release */,
			);
			defaultConfigurationIsVisible = 0;
			defaultConfigurationName = Release;
		};
/* End XCConfigurationList section */
	};
	rootObject = 297AE1DF1C5509DB0001B672 /* Project object */;
}
